// !$*UTF8*$!
{
	archiveVersion = 1;
	classes = {
	};
	objectVersion = 50;
	objects = {

/* Begin PBXBuildFile section */
		12443E78226F4D4100375E99 /* ProfileService.swift in Sources */ = {isa = PBXBuildFile; fileRef = 12443E77226F4D4100375E99 /* ProfileService.swift */; };
		12443E7C226F4F3D00375E99 /* ProfilePresenter.swift in Sources */ = {isa = PBXBuildFile; fileRef = 12443E7B226F4F3D00375E99 /* ProfilePresenter.swift */; };
		12443E7E226F4F5300375E99 /* ProfileVC.swift in Sources */ = {isa = PBXBuildFile; fileRef = 12443E7D226F4F5300375E99 /* ProfileVC.swift */; };
		12443E80226F4FB400375E99 /* UserService.swift in Sources */ = {isa = PBXBuildFile; fileRef = 12443E7F226F4FB400375E99 /* UserService.swift */; };
		12443E84226F645100375E99 /* EditProfilePresenter.swift in Sources */ = {isa = PBXBuildFile; fileRef = 12443E83226F645100375E99 /* EditProfilePresenter.swift */; };
		12443E86226F645E00375E99 /* EditProfileVC.swift in Sources */ = {isa = PBXBuildFile; fileRef = 12443E85226F645E00375E99 /* EditProfileVC.swift */; };
		12443E8822709DEF00375E99 /* Course.swift in Sources */ = {isa = PBXBuildFile; fileRef = 12443E8722709DEF00375E99 /* Course.swift */; };
		12443E8A2270A31B00375E99 /* CourseService.swift in Sources */ = {isa = PBXBuildFile; fileRef = 12443E892270A31B00375E99 /* CourseService.swift */; };
		12443E8D2270AAB200375E99 /* HomeVC.swift in Sources */ = {isa = PBXBuildFile; fileRef = 12443E8C2270AAB200375E99 /* HomeVC.swift */; };
		12443E8F2270AABE00375E99 /* HomePresenter.swift in Sources */ = {isa = PBXBuildFile; fileRef = 12443E8E2270AABE00375E99 /* HomePresenter.swift */; };
		12443E912270AACF00375E99 /* HomeCourseCell.swift in Sources */ = {isa = PBXBuildFile; fileRef = 12443E902270AACF00375E99 /* HomeCourseCell.swift */; };
		12443E942270CA2300375E99 /* CategoryVC.swift in Sources */ = {isa = PBXBuildFile; fileRef = 12443E932270CA2300375E99 /* CategoryVC.swift */; };
		125989EE2271922E0021C6C3 /* CourseDetailVC.swift in Sources */ = {isa = PBXBuildFile; fileRef = 125989ED2271922E0021C6C3 /* CourseDetailVC.swift */; };
		125989F02271923B0021C6C3 /* CourseDetailPresenter.swift in Sources */ = {isa = PBXBuildFile; fileRef = 125989EF2271923B0021C6C3 /* CourseDetailPresenter.swift */; };
		126F4641226E3C5200547FB2 /* AppDelegate.swift in Sources */ = {isa = PBXBuildFile; fileRef = 126F4640226E3C5200547FB2 /* AppDelegate.swift */; };
		126F4648226E3C5200547FB2 /* Main.storyboard in Resources */ = {isa = PBXBuildFile; fileRef = 126F4646226E3C5200547FB2 /* Main.storyboard */; };
		126F464A226E3C5300547FB2 /* Assets.xcassets in Resources */ = {isa = PBXBuildFile; fileRef = 126F4649226E3C5300547FB2 /* Assets.xcassets */; };
		126F464D226E3C5300547FB2 /* LaunchScreen.storyboard in Resources */ = {isa = PBXBuildFile; fileRef = 126F464B226E3C5300547FB2 /* LaunchScreen.storyboard */; };
		126F465C226E419B00547FB2 /* AuthPresenter.swift in Sources */ = {isa = PBXBuildFile; fileRef = 126F465B226E419B00547FB2 /* AuthPresenter.swift */; };
		126F4660226E41EF00547FB2 /* ServerResponse.swift in Sources */ = {isa = PBXBuildFile; fileRef = 126F465F226E41EF00547FB2 /* ServerResponse.swift */; };
		126F4662226E420B00547FB2 /* StoryBoardID.swift in Sources */ = {isa = PBXBuildFile; fileRef = 126F4661226E420B00547FB2 /* StoryBoardID.swift */; };
		126F4664226E421800547FB2 /* AppError.swift in Sources */ = {isa = PBXBuildFile; fileRef = 126F4663226E421800547FB2 /* AppError.swift */; };
		126F4667226E497600547FB2 /* UserDefaultUtil.swift in Sources */ = {isa = PBXBuildFile; fileRef = 126F4666226E497600547FB2 /* UserDefaultUtil.swift */; };
		126F4669226E498300547FB2 /* Constant.swift in Sources */ = {isa = PBXBuildFile; fileRef = 126F4668226E498300547FB2 /* Constant.swift */; };
		126F466B226E499600547FB2 /* KeyChainUtil.swift in Sources */ = {isa = PBXBuildFile; fileRef = 126F466A226E499600547FB2 /* KeyChainUtil.swift */; };
		126F466D226E49AD00547FB2 /* AppUtil.swift in Sources */ = {isa = PBXBuildFile; fileRef = 126F466C226E49AD00547FB2 /* AppUtil.swift */; };
		126F466F226E4C5000547FB2 /* AuthResponse.swift in Sources */ = {isa = PBXBuildFile; fileRef = 126F466E226E4C5000547FB2 /* AuthResponse.swift */; };
		126F4671226E4C8700547FB2 /* Response.swift in Sources */ = {isa = PBXBuildFile; fileRef = 126F4670226E4C8700547FB2 /* Response.swift */; };
		126F4673226E4C9E00547FB2 /* User.swift in Sources */ = {isa = PBXBuildFile; fileRef = 126F4672226E4C9E00547FB2 /* User.swift */; };
		126F4675226E4CC100547FB2 /* AuthService.swift in Sources */ = {isa = PBXBuildFile; fileRef = 126F4674226E4CC100547FB2 /* AuthService.swift */; };
		126F4677226E4FEE00547FB2 /* AuthVC.swift in Sources */ = {isa = PBXBuildFile; fileRef = 126F4676226E4FEE00547FB2 /* AuthVC.swift */; };
		126F4679226E551700547FB2 /* UIExt.swift in Sources */ = {isa = PBXBuildFile; fileRef = 126F4678226E551700547FB2 /* UIExt.swift */; };
		126F467C226E55F700547FB2 /* AlertModalVC.swift in Sources */ = {isa = PBXBuildFile; fileRef = 126F467B226E55F700547FB2 /* AlertModalVC.swift */; };
		126F467F226E563000547FB2 /* AlertModalVC.xib in Resources */ = {isa = PBXBuildFile; fileRef = 126F467E226E563000547FB2 /* AlertModalVC.xib */; };
		126F4681226E581F00547FB2 /* AlertExt.swift in Sources */ = {isa = PBXBuildFile; fileRef = 126F4680226E581F00547FB2 /* AlertExt.swift */; };
		F798EFA9EC71F0EDBAF7E4B5 /* Pods_Study_Manager.framework in Frameworks */ = {isa = PBXBuildFile; fileRef = BA297F3B311120BF9F3B1537 /* Pods_Study_Manager.framework */; };
/* End PBXBuildFile section */

/* Begin PBXFileReference section */
		069B8664748A476E8F09F05D /* Pods-Study_Manager.release.xcconfig */ = {isa = PBXFileReference; includeInIndex = 1; lastKnownFileType = text.xcconfig; name = "Pods-Study_Manager.release.xcconfig"; path = "Pods/Target Support Files/Pods-Study_Manager/Pods-Study_Manager.release.xcconfig"; sourceTree = "<group>"; };
		12443E77226F4D4100375E99 /* ProfileService.swift */ = {isa = PBXFileReference; lastKnownFileType = sourcecode.swift; path = ProfileService.swift; sourceTree = "<group>"; };
		12443E7B226F4F3D00375E99 /* ProfilePresenter.swift */ = {isa = PBXFileReference; lastKnownFileType = sourcecode.swift; path = ProfilePresenter.swift; sourceTree = "<group>"; };
		12443E7D226F4F5300375E99 /* ProfileVC.swift */ = {isa = PBXFileReference; lastKnownFileType = sourcecode.swift; path = ProfileVC.swift; sourceTree = "<group>"; };
		12443E7F226F4FB400375E99 /* UserService.swift */ = {isa = PBXFileReference; lastKnownFileType = sourcecode.swift; path = UserService.swift; sourceTree = "<group>"; };
		12443E83226F645100375E99 /* EditProfilePresenter.swift */ = {isa = PBXFileReference; lastKnownFileType = sourcecode.swift; path = EditProfilePresenter.swift; sourceTree = "<group>"; };
		12443E85226F645E00375E99 /* EditProfileVC.swift */ = {isa = PBXFileReference; lastKnownFileType = sourcecode.swift; path = EditProfileVC.swift; sourceTree = "<group>"; };
		12443E8722709DEF00375E99 /* Course.swift */ = {isa = PBXFileReference; lastKnownFileType = sourcecode.swift; path = Course.swift; sourceTree = "<group>"; };
		12443E892270A31B00375E99 /* CourseService.swift */ = {isa = PBXFileReference; lastKnownFileType = sourcecode.swift; path = CourseService.swift; sourceTree = "<group>"; };
		12443E8C2270AAB200375E99 /* HomeVC.swift */ = {isa = PBXFileReference; lastKnownFileType = sourcecode.swift; path = HomeVC.swift; sourceTree = "<group>"; };
		12443E8E2270AABE00375E99 /* HomePresenter.swift */ = {isa = PBXFileReference; lastKnownFileType = sourcecode.swift; path = HomePresenter.swift; sourceTree = "<group>"; };
		12443E902270AACF00375E99 /* HomeCourseCell.swift */ = {isa = PBXFileReference; lastKnownFileType = sourcecode.swift; path = HomeCourseCell.swift; sourceTree = "<group>"; };
		12443E932270CA2300375E99 /* CategoryVC.swift */ = {isa = PBXFileReference; lastKnownFileType = sourcecode.swift; path = CategoryVC.swift; sourceTree = "<group>"; };
		125989ED2271922E0021C6C3 /* CourseDetailVC.swift */ = {isa = PBXFileReference; lastKnownFileType = sourcecode.swift; path = CourseDetailVC.swift; sourceTree = "<group>"; };
		125989EF2271923B0021C6C3 /* CourseDetailPresenter.swift */ = {isa = PBXFileReference; lastKnownFileType = sourcecode.swift; path = CourseDetailPresenter.swift; sourceTree = "<group>"; };
		126F463D226E3C5200547FB2 /* Study_Manager.app */ = {isa = PBXFileReference; explicitFileType = wrapper.application; includeInIndex = 0; path = Study_Manager.app; sourceTree = BUILT_PRODUCTS_DIR; };
		126F4640226E3C5200547FB2 /* AppDelegate.swift */ = {isa = PBXFileReference; lastKnownFileType = sourcecode.swift; path = AppDelegate.swift; sourceTree = "<group>"; };
		126F4647226E3C5200547FB2 /* Base */ = {isa = PBXFileReference; lastKnownFileType = file.storyboard; name = Base; path = Base.lproj/Main.storyboard; sourceTree = "<group>"; };
		126F4649226E3C5300547FB2 /* Assets.xcassets */ = {isa = PBXFileReference; lastKnownFileType = folder.assetcatalog; path = Assets.xcassets; sourceTree = "<group>"; };
		126F464C226E3C5300547FB2 /* Base */ = {isa = PBXFileReference; lastKnownFileType = file.storyboard; name = Base; path = Base.lproj/LaunchScreen.storyboard; sourceTree = "<group>"; };
		126F464E226E3C5300547FB2 /* Info.plist */ = {isa = PBXFileReference; lastKnownFileType = text.plist.xml; path = Info.plist; sourceTree = "<group>"; };
		126F465B226E419B00547FB2 /* AuthPresenter.swift */ = {isa = PBXFileReference; lastKnownFileType = sourcecode.swift; path = AuthPresenter.swift; sourceTree = "<group>"; };
		126F465F226E41EF00547FB2 /* ServerResponse.swift */ = {isa = PBXFileReference; lastKnownFileType = sourcecode.swift; path = ServerResponse.swift; sourceTree = "<group>"; };
		126F4661226E420B00547FB2 /* StoryBoardID.swift */ = {isa = PBXFileReference; lastKnownFileType = sourcecode.swift; path = StoryBoardID.swift; sourceTree = "<group>"; };
		126F4663226E421800547FB2 /* AppError.swift */ = {isa = PBXFileReference; lastKnownFileType = sourcecode.swift; path = AppError.swift; sourceTree = "<group>"; };
		126F4666226E497600547FB2 /* UserDefaultUtil.swift */ = {isa = PBXFileReference; lastKnownFileType = sourcecode.swift; path = UserDefaultUtil.swift; sourceTree = "<group>"; };
		126F4668226E498300547FB2 /* Constant.swift */ = {isa = PBXFileReference; lastKnownFileType = sourcecode.swift; path = Constant.swift; sourceTree = "<group>"; };
		126F466A226E499600547FB2 /* KeyChainUtil.swift */ = {isa = PBXFileReference; lastKnownFileType = sourcecode.swift; path = KeyChainUtil.swift; sourceTree = "<group>"; };
		126F466C226E49AD00547FB2 /* AppUtil.swift */ = {isa = PBXFileReference; lastKnownFileType = sourcecode.swift; path = AppUtil.swift; sourceTree = "<group>"; };
		126F466E226E4C5000547FB2 /* AuthResponse.swift */ = {isa = PBXFileReference; lastKnownFileType = sourcecode.swift; path = AuthResponse.swift; sourceTree = "<group>"; };
		126F4670226E4C8700547FB2 /* Response.swift */ = {isa = PBXFileReference; lastKnownFileType = sourcecode.swift; path = Response.swift; sourceTree = "<group>"; };
		126F4672226E4C9E00547FB2 /* User.swift */ = {isa = PBXFileReference; lastKnownFileType = sourcecode.swift; path = User.swift; sourceTree = "<group>"; };
		126F4674226E4CC100547FB2 /* AuthService.swift */ = {isa = PBXFileReference; lastKnownFileType = sourcecode.swift; path = AuthService.swift; sourceTree = "<group>"; };
		126F4676226E4FEE00547FB2 /* AuthVC.swift */ = {isa = PBXFileReference; lastKnownFileType = sourcecode.swift; path = AuthVC.swift; sourceTree = "<group>"; };
		126F4678226E551700547FB2 /* UIExt.swift */ = {isa = PBXFileReference; lastKnownFileType = sourcecode.swift; path = UIExt.swift; sourceTree = "<group>"; };
		126F467B226E55F700547FB2 /* AlertModalVC.swift */ = {isa = PBXFileReference; lastKnownFileType = sourcecode.swift; path = AlertModalVC.swift; sourceTree = "<group>"; };
		126F467E226E563000547FB2 /* AlertModalVC.xib */ = {isa = PBXFileReference; lastKnownFileType = file.xib; path = AlertModalVC.xib; sourceTree = "<group>"; };
		126F4680226E581F00547FB2 /* AlertExt.swift */ = {isa = PBXFileReference; lastKnownFileType = sourcecode.swift; path = AlertExt.swift; sourceTree = "<group>"; };
		803E5835D917BF3D11D7B1A3 /* Pods-Study_Manager.debug.xcconfig */ = {isa = PBXFileReference; includeInIndex = 1; lastKnownFileType = text.xcconfig; name = "Pods-Study_Manager.debug.xcconfig"; path = "Pods/Target Support Files/Pods-Study_Manager/Pods-Study_Manager.debug.xcconfig"; sourceTree = "<group>"; };
		BA297F3B311120BF9F3B1537 /* Pods_Study_Manager.framework */ = {isa = PBXFileReference; explicitFileType = wrapper.framework; includeInIndex = 0; path = Pods_Study_Manager.framework; sourceTree = BUILT_PRODUCTS_DIR; };
/* End PBXFileReference section */

/* Begin PBXFrameworksBuildPhase section */
		126F463A226E3C5200547FB2 /* Frameworks */ = {
			isa = PBXFrameworksBuildPhase;
			buildActionMask = 2147483647;
			files = (
				F798EFA9EC71F0EDBAF7E4B5 /* Pods_Study_Manager.framework in Frameworks */,
			);
			runOnlyForDeploymentPostprocessing = 0;
		};
/* End PBXFrameworksBuildPhase section */

/* Begin PBXGroup section */
		12443E7A226F4EEE00375E99 /* ProfileScreen */ = {
			isa = PBXGroup;
			children = (
				12443E7B226F4F3D00375E99 /* ProfilePresenter.swift */,
				12443E7D226F4F5300375E99 /* ProfileVC.swift */,
			);
			path = ProfileScreen;
			sourceTree = "<group>";
		};
		12443E82226F642600375E99 /* EditProfileScreen */ = {
			isa = PBXGroup;
			children = (
				12443E83226F645100375E99 /* EditProfilePresenter.swift */,
				12443E85226F645E00375E99 /* EditProfileVC.swift */,
			);
			path = EditProfileScreen;
			sourceTree = "<group>";
		};
		12443E8B2270AA7C00375E99 /* HomeScreen */ = {
			isa = PBXGroup;
			children = (
				12443E8C2270AAB200375E99 /* HomeVC.swift */,
				12443E8E2270AABE00375E99 /* HomePresenter.swift */,
				12443E902270AACF00375E99 /* HomeCourseCell.swift */,
			);
			path = HomeScreen;
			sourceTree = "<group>";
		};
		12443E922270CA1000375E99 /* CategoryScreen */ = {
			isa = PBXGroup;
			children = (
				12443E932270CA2300375E99 /* CategoryVC.swift */,
			);
			path = CategoryScreen;
			sourceTree = "<group>";
		};
		125989EC227191F80021C6C3 /* CourseDetailScreen */ = {
			isa = PBXGroup;
			children = (
				125989ED2271922E0021C6C3 /* CourseDetailVC.swift */,
				125989EF2271923B0021C6C3 /* CourseDetailPresenter.swift */,
			);
			path = CourseDetailScreen;
			sourceTree = "<group>";
		};
		126F4634226E3C5200547FB2 = {
			isa = PBXGroup;
			children = (
				126F463F226E3C5200547FB2 /* Study_Manager */,
				126F463E226E3C5200547FB2 /* Products */,
				1629E107917EBD01685EF5BC /* Pods */,
				FE73020C236B3703B7FC2C75 /* Frameworks */,
			);
			sourceTree = "<group>";
		};
		126F463E226E3C5200547FB2 /* Products */ = {
			isa = PBXGroup;
			children = (
				126F463D226E3C5200547FB2 /* Study_Manager.app */,
			);
			name = Products;
			sourceTree = "<group>";
		};
		126F463F226E3C5200547FB2 /* Study_Manager */ = {
			isa = PBXGroup;
			children = (
				126F4665226E495F00547FB2 /* Utilities */,
				126F4659226E412F00547FB2 /* Enums */,
				126F4658226E410900547FB2 /* Screens */,
				126F4657226E40FF00547FB2 /* Extension */,
				126F4656226E40F800547FB2 /* Service */,
				126F4655226E40ED00547FB2 /* Model */,
				126F4654226E40E600547FB2 /* View */,
				126F4640226E3C5200547FB2 /* AppDelegate.swift */,
				126F4646226E3C5200547FB2 /* Main.storyboard */,
				126F4649226E3C5300547FB2 /* Assets.xcassets */,
				126F464B226E3C5300547FB2 /* LaunchScreen.storyboard */,
				126F464E226E3C5300547FB2 /* Info.plist */,
			);
			path = Study_Manager;
			sourceTree = "<group>";
		};
		126F4654226E40E600547FB2 /* View */ = {
			isa = PBXGroup;
			children = (
				126F467E226E563000547FB2 /* AlertModalVC.xib */,
			);
			path = View;
			sourceTree = "<group>";
		};
		126F4655226E40ED00547FB2 /* Model */ = {
			isa = PBXGroup;
			children = (
				126F466E226E4C5000547FB2 /* AuthResponse.swift */,
				126F4670226E4C8700547FB2 /* Response.swift */,
				126F4672226E4C9E00547FB2 /* User.swift */,
				12443E8722709DEF00375E99 /* Course.swift */,
			);
			path = Model;
			sourceTree = "<group>";
		};
		126F4656226E40F800547FB2 /* Service */ = {
			isa = PBXGroup;
			children = (
				126F4674226E4CC100547FB2 /* AuthService.swift */,
				12443E77226F4D4100375E99 /* ProfileService.swift */,
				12443E7F226F4FB400375E99 /* UserService.swift */,
				12443E892270A31B00375E99 /* CourseService.swift */,
			);
			path = Service;
			sourceTree = "<group>";
		};
		126F4657226E40FF00547FB2 /* Extension */ = {
			isa = PBXGroup;
			children = (
				126F4678226E551700547FB2 /* UIExt.swift */,
				126F4680226E581F00547FB2 /* AlertExt.swift */,
			);
			path = Extension;
			sourceTree = "<group>";
		};
		126F4658226E410900547FB2 /* Screens */ = {
			isa = PBXGroup;
			children = (
				125989EC227191F80021C6C3 /* CourseDetailScreen */,
				12443E922270CA1000375E99 /* CategoryScreen */,
				12443E8B2270AA7C00375E99 /* HomeScreen */,
				12443E82226F642600375E99 /* EditProfileScreen */,
				12443E7A226F4EEE00375E99 /* ProfileScreen */,
				126F467A226E55D000547FB2 /* Modal */,
				126F465A226E415E00547FB2 /* AuthScreen */,
			);
			path = Screens;
			sourceTree = "<group>";
		};
		126F4659226E412F00547FB2 /* Enums */ = {
			isa = PBXGroup;
			children = (
				126F465F226E41EF00547FB2 /* ServerResponse.swift */,
				126F4661226E420B00547FB2 /* StoryBoardID.swift */,
				126F4663226E421800547FB2 /* AppError.swift */,
			);
			path = Enums;
			sourceTree = "<group>";
		};
		126F465A226E415E00547FB2 /* AuthScreen */ = {
			isa = PBXGroup;
			children = (
				126F465B226E419B00547FB2 /* AuthPresenter.swift */,
				126F4676226E4FEE00547FB2 /* AuthVC.swift */,
			);
			path = AuthScreen;
			sourceTree = "<group>";
		};
		126F4665226E495F00547FB2 /* Utilities */ = {
			isa = PBXGroup;
			children = (
				126F4666226E497600547FB2 /* UserDefaultUtil.swift */,
				126F4668226E498300547FB2 /* Constant.swift */,
				126F466A226E499600547FB2 /* KeyChainUtil.swift */,
				126F466C226E49AD00547FB2 /* AppUtil.swift */,
			);
			path = Utilities;
			sourceTree = "<group>";
		};
		126F467A226E55D000547FB2 /* Modal */ = {
			isa = PBXGroup;
			children = (
				126F467B226E55F700547FB2 /* AlertModalVC.swift */,
			);
			path = Modal;
			sourceTree = "<group>";
		};
		1629E107917EBD01685EF5BC /* Pods */ = {
			isa = PBXGroup;
			children = (
				803E5835D917BF3D11D7B1A3 /* Pods-Study_Manager.debug.xcconfig */,
				069B8664748A476E8F09F05D /* Pods-Study_Manager.release.xcconfig */,
			);
			name = Pods;
			sourceTree = "<group>";
		};
		FE73020C236B3703B7FC2C75 /* Frameworks */ = {
			isa = PBXGroup;
			children = (
				BA297F3B311120BF9F3B1537 /* Pods_Study_Manager.framework */,
			);
			name = Frameworks;
			sourceTree = "<group>";
		};
/* End PBXGroup section */

/* Begin PBXNativeTarget section */
		126F463C226E3C5200547FB2 /* Study_Manager */ = {
			isa = PBXNativeTarget;
			buildConfigurationList = 126F4651226E3C5300547FB2 /* Build configuration list for PBXNativeTarget "Study_Manager" */;
			buildPhases = (
				19C7290677B2250C683DC7E9 /* [CP] Check Pods Manifest.lock */,
				126F4639226E3C5200547FB2 /* Sources */,
				126F463A226E3C5200547FB2 /* Frameworks */,
				126F463B226E3C5200547FB2 /* Resources */,
				8202A10FC97833A65E504668 /* [CP] Embed Pods Frameworks */,
				2C319F71DA8D0FF29717CDBF /* [CP] Copy Pods Resources */,
			);
			buildRules = (
			);
			dependencies = (
			);
			name = Study_Manager;
			productName = Study_Manager;
			productReference = 126F463D226E3C5200547FB2 /* Study_Manager.app */;
			productType = "com.apple.product-type.application";
		};
/* End PBXNativeTarget section */

/* Begin PBXProject section */
		126F4635226E3C5200547FB2 /* Project object */ = {
			isa = PBXProject;
			attributes = {
				LastSwiftUpdateCheck = 1020;
				LastUpgradeCheck = 1020;
				ORGANIZATIONNAME = "Dat Truong";
				TargetAttributes = {
					126F463C226E3C5200547FB2 = {
						CreatedOnToolsVersion = 10.2;
					};
				};
			};
			buildConfigurationList = 126F4638226E3C5200547FB2 /* Build configuration list for PBXProject "Study_Manager" */;
			compatibilityVersion = "Xcode 9.3";
			developmentRegion = en;
			hasScannedForEncodings = 0;
			knownRegions = (
				en,
				Base,
			);
			mainGroup = 126F4634226E3C5200547FB2;
			productRefGroup = 126F463E226E3C5200547FB2 /* Products */;
			projectDirPath = "";
			projectRoot = "";
			targets = (
				126F463C226E3C5200547FB2 /* Study_Manager */,
			);
		};
/* End PBXProject section */

/* Begin PBXResourcesBuildPhase section */
		126F463B226E3C5200547FB2 /* Resources */ = {
			isa = PBXResourcesBuildPhase;
			buildActionMask = 2147483647;
			files = (
				126F464D226E3C5300547FB2 /* LaunchScreen.storyboard in Resources */,
				126F464A226E3C5300547FB2 /* Assets.xcassets in Resources */,
				126F4648226E3C5200547FB2 /* Main.storyboard in Resources */,
				126F467F226E563000547FB2 /* AlertModalVC.xib in Resources */,
			);
			runOnlyForDeploymentPostprocessing = 0;
		};
/* End PBXResourcesBuildPhase section */

/* Begin PBXShellScriptBuildPhase section */
		19C7290677B2250C683DC7E9 /* [CP] Check Pods Manifest.lock */ = {
			isa = PBXShellScriptBuildPhase;
			buildActionMask = 2147483647;
			files = (
			);
			inputPaths = (
				"${PODS_PODFILE_DIR_PATH}/Podfile.lock",
				"${PODS_ROOT}/Manifest.lock",
			);
			name = "[CP] Check Pods Manifest.lock";
			outputPaths = (
				"$(DERIVED_FILE_DIR)/Pods-Study_Manager-checkManifestLockResult.txt",
			);
			runOnlyForDeploymentPostprocessing = 0;
			shellPath = /bin/sh;
			shellScript = "diff \"${PODS_PODFILE_DIR_PATH}/Podfile.lock\" \"${PODS_ROOT}/Manifest.lock\" > /dev/null\nif [ $? != 0 ] ; then\n    # print error to STDERR\n    echo \"error: The sandbox is not in sync with the Podfile.lock. Run 'pod install' or update your CocoaPods installation.\" >&2\n    exit 1\nfi\n# This output is used by Xcode 'outputs' to avoid re-running this script phase.\necho \"SUCCESS\" > \"${SCRIPT_OUTPUT_FILE_0}\"\n";
			showEnvVarsInLog = 0;
		};
		2C319F71DA8D0FF29717CDBF /* [CP] Copy Pods Resources */ = {
			isa = PBXShellScriptBuildPhase;
			buildActionMask = 2147483647;
			files = (
			);
			inputPaths = (
			);
			name = "[CP] Copy Pods Resources";
			outputPaths = (
			);
			runOnlyForDeploymentPostprocessing = 0;
			shellPath = /bin/sh;
			shellScript = "\"${SRCROOT}/Pods/Target Support Files/Pods-Study_Manager/Pods-Study_Manager-resources.sh\"\n";
			showEnvVarsInLog = 0;
		};
		8202A10FC97833A65E504668 /* [CP] Embed Pods Frameworks */ = {
			isa = PBXShellScriptBuildPhase;
			buildActionMask = 2147483647;
			files = (
			);
			inputPaths = (
				"${SRCROOT}/Pods/Target Support Files/Pods-Study_Manager/Pods-Study_Manager-frameworks.sh",
				"${BUILT_PRODUCTS_DIR}/Alamofire/Alamofire.framework",
				"${BUILT_PRODUCTS_DIR}/KeychainAccess/KeychainAccess.framework",
				"${BUILT_PRODUCTS_DIR}/SVProgressHUD/SVProgressHUD.framework",
				"${BUILT_PRODUCTS_DIR}/Stripe/Stripe.framework",
			);
			name = "[CP] Embed Pods Frameworks";
			outputPaths = (
				"${TARGET_BUILD_DIR}/${FRAMEWORKS_FOLDER_PATH}/Alamofire.framework",
				"${TARGET_BUILD_DIR}/${FRAMEWORKS_FOLDER_PATH}/KeychainAccess.framework",
				"${TARGET_BUILD_DIR}/${FRAMEWORKS_FOLDER_PATH}/SVProgressHUD.framework",
				"${TARGET_BUILD_DIR}/${FRAMEWORKS_FOLDER_PATH}/Stripe.framework",
			);
			runOnlyForDeploymentPostprocessing = 0;
			shellPath = /bin/sh;
			shellScript = "\"${SRCROOT}/Pods/Target Support Files/Pods-Study_Manager/Pods-Study_Manager-frameworks.sh\"\n";
			showEnvVarsInLog = 0;
		};
/* End PBXShellScriptBuildPhase section */

/* Begin PBXSourcesBuildPhase section */
		126F4639226E3C5200547FB2 /* Sources */ = {
			isa = PBXSourcesBuildPhase;
			buildActionMask = 2147483647;
			files = (
				126F466F226E4C5000547FB2 /* AuthResponse.swift in Sources */,
				126F4660226E41EF00547FB2 /* ServerResponse.swift in Sources */,
				126F4679226E551700547FB2 /* UIExt.swift in Sources */,
				12443E8D2270AAB200375E99 /* HomeVC.swift in Sources */,
				126F4677226E4FEE00547FB2 /* AuthVC.swift in Sources */,
				126F4681226E581F00547FB2 /* AlertExt.swift in Sources */,
				126F4662226E420B00547FB2 /* StoryBoardID.swift in Sources */,
				12443E8F2270AABE00375E99 /* HomePresenter.swift in Sources */,
				126F466D226E49AD00547FB2 /* AppUtil.swift in Sources */,
				125989F02271923B0021C6C3 /* CourseDetailPresenter.swift in Sources */,
				12443E80226F4FB400375E99 /* UserService.swift in Sources */,
				126F465C226E419B00547FB2 /* AuthPresenter.swift in Sources */,
				126F4671226E4C8700547FB2 /* Response.swift in Sources */,
				12443E78226F4D4100375E99 /* ProfileService.swift in Sources */,
				126F4664226E421800547FB2 /* AppError.swift in Sources */,
				12443E8A2270A31B00375E99 /* CourseService.swift in Sources */,
				12443E942270CA2300375E99 /* CategoryVC.swift in Sources */,
				126F4673226E4C9E00547FB2 /* User.swift in Sources */,
				126F4641226E3C5200547FB2 /* AppDelegate.swift in Sources */,
				125989EE2271922E0021C6C3 /* CourseDetailVC.swift in Sources */,
				126F4669226E498300547FB2 /* Constant.swift in Sources */,
				126F4667226E497600547FB2 /* UserDefaultUtil.swift in Sources */,
				12443E7C226F4F3D00375E99 /* ProfilePresenter.swift in Sources */,
				126F467C226E55F700547FB2 /* AlertModalVC.swift in Sources */,
				12443E84226F645100375E99 /* EditProfilePresenter.swift in Sources */,
				12443E912270AACF00375E99 /* HomeCourseCell.swift in Sources */,
				126F466B226E499600547FB2 /* KeyChainUtil.swift in Sources */,
				12443E7E226F4F5300375E99 /* ProfileVC.swift in Sources */,
				12443E8822709DEF00375E99 /* Course.swift in Sources */,
				12443E86226F645E00375E99 /* EditProfileVC.swift in Sources */,
				126F4675226E4CC100547FB2 /* AuthService.swift in Sources */,
			);
			runOnlyForDeploymentPostprocessing = 0;
		};
/* End PBXSourcesBuildPhase section */

/* Begin PBXVariantGroup section */
		126F4646226E3C5200547FB2 /* Main.storyboard */ = {
			isa = PBXVariantGroup;
			children = (
				126F4647226E3C5200547FB2 /* Base */,
			);
			name = Main.storyboard;
			sourceTree = "<group>";
		};
		126F464B226E3C5300547FB2 /* LaunchScreen.storyboard */ = {
			isa = PBXVariantGroup;
			children = (
				126F464C226E3C5300547FB2 /* Base */,
			);
			name = LaunchScreen.storyboard;
			sourceTree = "<group>";
		};
/* End PBXVariantGroup section */

/* Begin XCBuildConfiguration section */
		126F464F226E3C5300547FB2 /* Debug */ = {
			isa = XCBuildConfiguration;
			buildSettings = {
				ALWAYS_SEARCH_USER_PATHS = NO;
				CLANG_ANALYZER_NONNULL = YES;
				CLANG_ANALYZER_NUMBER_OBJECT_CONVERSION = YES_AGGRESSIVE;
				CLANG_CXX_LANGUAGE_STANDARD = "gnu++14";
				CLANG_CXX_LIBRARY = "libc++";
				CLANG_ENABLE_MODULES = YES;
				CLANG_ENABLE_OBJC_ARC = YES;
				CLANG_ENABLE_OBJC_WEAK = YES;
				CLANG_WARN_BLOCK_CAPTURE_AUTORELEASING = YES;
				CLANG_WARN_BOOL_CONVERSION = YES;
				CLANG_WARN_COMMA = YES;
				CLANG_WARN_CONSTANT_CONVERSION = YES;
				CLANG_WARN_DEPRECATED_OBJC_IMPLEMENTATIONS = YES;
				CLANG_WARN_DIRECT_OBJC_ISA_USAGE = YES_ERROR;
				CLANG_WARN_DOCUMENTATION_COMMENTS = YES;
				CLANG_WARN_EMPTY_BODY = YES;
				CLANG_WARN_ENUM_CONVERSION = YES;
				CLANG_WARN_INFINITE_RECURSION = YES;
				CLANG_WARN_INT_CONVERSION = YES;
				CLANG_WARN_NON_LITERAL_NULL_CONVERSION = YES;
				CLANG_WARN_OBJC_IMPLICIT_RETAIN_SELF = YES;
				CLANG_WARN_OBJC_LITERAL_CONVERSION = YES;
				CLANG_WARN_OBJC_ROOT_CLASS = YES_ERROR;
				CLANG_WARN_RANGE_LOOP_ANALYSIS = YES;
				CLANG_WARN_STRICT_PROTOTYPES = YES;
				CLANG_WARN_SUSPICIOUS_MOVE = YES;
				CLANG_WARN_UNGUARDED_AVAILABILITY = YES_AGGRESSIVE;
				CLANG_WARN_UNREACHABLE_CODE = YES;
				CLANG_WARN__DUPLICATE_METHOD_MATCH = YES;
				CODE_SIGN_IDENTITY = "iPhone Developer";
				COPY_PHASE_STRIP = NO;
				DEBUG_INFORMATION_FORMAT = dwarf;
				ENABLE_STRICT_OBJC_MSGSEND = YES;
				ENABLE_TESTABILITY = YES;
				GCC_C_LANGUAGE_STANDARD = gnu11;
				GCC_DYNAMIC_NO_PIC = NO;
				GCC_NO_COMMON_BLOCKS = YES;
				GCC_OPTIMIZATION_LEVEL = 0;
				GCC_PREPROCESSOR_DEFINITIONS = (
					"DEBUG=1",
					"$(inherited)",
				);
				GCC_WARN_64_TO_32_BIT_CONVERSION = YES;
				GCC_WARN_ABOUT_RETURN_TYPE = YES_ERROR;
				GCC_WARN_UNDECLARED_SELECTOR = YES;
				GCC_WARN_UNINITIALIZED_AUTOS = YES_AGGRESSIVE;
				GCC_WARN_UNUSED_FUNCTION = YES;
				GCC_WARN_UNUSED_VARIABLE = YES;
				IPHONEOS_DEPLOYMENT_TARGET = 11.4;
				MTL_ENABLE_DEBUG_INFO = INCLUDE_SOURCE;
				MTL_FAST_MATH = YES;
				ONLY_ACTIVE_ARCH = YES;
				SDKROOT = iphoneos;
				SWIFT_ACTIVE_COMPILATION_CONDITIONS = DEBUG;
				SWIFT_OPTIMIZATION_LEVEL = "-Onone";
			};
			name = Debug;
		};
		126F4650226E3C5300547FB2 /* Release */ = {
			isa = XCBuildConfiguration;
			buildSettings = {
				ALWAYS_SEARCH_USER_PATHS = NO;
				CLANG_ANALYZER_NONNULL = YES;
				CLANG_ANALYZER_NUMBER_OBJECT_CONVERSION = YES_AGGRESSIVE;
				CLANG_CXX_LANGUAGE_STANDARD = "gnu++14";
				CLANG_CXX_LIBRARY = "libc++";
				CLANG_ENABLE_MODULES = YES;
				CLANG_ENABLE_OBJC_ARC = YES;
				CLANG_ENABLE_OBJC_WEAK = YES;
				CLANG_WARN_BLOCK_CAPTURE_AUTORELEASING = YES;
				CLANG_WARN_BOOL_CONVERSION = YES;
				CLANG_WARN_COMMA = YES;
				CLANG_WARN_CONSTANT_CONVERSION = YES;
				CLANG_WARN_DEPRECATED_OBJC_IMPLEMENTATIONS = YES;
				CLANG_WARN_DIRECT_OBJC_ISA_USAGE = YES_ERROR;
				CLANG_WARN_DOCUMENTATION_COMMENTS = YES;
				CLANG_WARN_EMPTY_BODY = YES;
				CLANG_WARN_ENUM_CONVERSION = YES;
				CLANG_WARN_INFINITE_RECURSION = YES;
				CLANG_WARN_INT_CONVERSION = YES;
				CLANG_WARN_NON_LITERAL_NULL_CONVERSION = YES;
				CLANG_WARN_OBJC_IMPLICIT_RETAIN_SELF = YES;
				CLANG_WARN_OBJC_LITERAL_CONVERSION = YES;
				CLANG_WARN_OBJC_ROOT_CLASS = YES_ERROR;
				CLANG_WARN_RANGE_LOOP_ANALYSIS = YES;
				CLANG_WARN_STRICT_PROTOTYPES = YES;
				CLANG_WARN_SUSPICIOUS_MOVE = YES;
				CLANG_WARN_UNGUARDED_AVAILABILITY = YES_AGGRESSIVE;
				CLANG_WARN_UNREACHABLE_CODE = YES;
				CLANG_WARN__DUPLICATE_METHOD_MATCH = YES;
				CODE_SIGN_IDENTITY = "iPhone Developer";
				COPY_PHASE_STRIP = NO;
				DEBUG_INFORMATION_FORMAT = "dwarf-with-dsym";
				ENABLE_NS_ASSERTIONS = NO;
				ENABLE_STRICT_OBJC_MSGSEND = YES;
				GCC_C_LANGUAGE_STANDARD = gnu11;
				GCC_NO_COMMON_BLOCKS = YES;
				GCC_WARN_64_TO_32_BIT_CONVERSION = YES;
				GCC_WARN_ABOUT_RETURN_TYPE = YES_ERROR;
				GCC_WARN_UNDECLARED_SELECTOR = YES;
				GCC_WARN_UNINITIALIZED_AUTOS = YES_AGGRESSIVE;
				GCC_WARN_UNUSED_FUNCTION = YES;
				GCC_WARN_UNUSED_VARIABLE = YES;
				IPHONEOS_DEPLOYMENT_TARGET = 11.4;
				MTL_ENABLE_DEBUG_INFO = NO;
				MTL_FAST_MATH = YES;
				SDKROOT = iphoneos;
				SWIFT_COMPILATION_MODE = wholemodule;
				SWIFT_OPTIMIZATION_LEVEL = "-O";
				VALIDATE_PRODUCT = YES;
			};
			name = Release;
		};
		126F4652226E3C5300547FB2 /* Debug */ = {
			isa = XCBuildConfiguration;
			baseConfigurationReference = 803E5835D917BF3D11D7B1A3 /* Pods-Study_Manager.debug.xcconfig */;
			buildSettings = {
				ASSETCATALOG_COMPILER_APPICON_NAME = AppIcon;
				CODE_SIGN_STYLE = Automatic;
				DEVELOPMENT_TEAM = 8L66U4CAC7;
				INFOPLIST_FILE = Study_Manager/Info.plist;
				LD_RUNPATH_SEARCH_PATHS = (
					"$(inherited)",
					"@executable_path/Frameworks",
				);
				PRODUCT_BUNDLE_IDENTIFIER = "com.dattruong.Study-Manager";
				PRODUCT_NAME = "$(TARGET_NAME)";
				SWIFT_VERSION = 5.0;
				TARGETED_DEVICE_FAMILY = "1,2";
			};
			name = Debug;
		};
		126F4653226E3C5300547FB2 /* Release */ = {
			isa = XCBuildConfiguration;
			baseConfigurationReference = 069B8664748A476E8F09F05D /* Pods-Study_Manager.release.xcconfig */;
			buildSettings = {
				ASSETCATALOG_COMPILER_APPICON_NAME = AppIcon;
				CODE_SIGN_STYLE = Automatic;
				DEVELOPMENT_TEAM = 8L66U4CAC7;
				INFOPLIST_FILE = Study_Manager/Info.plist;
				LD_RUNPATH_SEARCH_PATHS = (
					"$(inherited)",
					"@executable_path/Frameworks",
				);
				PRODUCT_BUNDLE_IDENTIFIER = "com.dattruong.Study-Manager";
				PRODUCT_NAME = "$(TARGET_NAME)";
				SWIFT_VERSION = 5.0;
				TARGETED_DEVICE_FAMILY = "1,2";
			};
			name = Release;
		};
/* End XCBuildConfiguration section */

/* Begin XCConfigurationList section */
		126F4638226E3C5200547FB2 /* Build configuration list for PBXProject "Study_Manager" */ = {
			isa = XCConfigurationList;
			buildConfigurations = (
				126F464F226E3C5300547FB2 /* Debug */,
				126F4650226E3C5300547FB2 /* Release */,
			);
			defaultConfigurationIsVisible = 0;
			defaultConfigurationName = Release;
		};
		126F4651226E3C5300547FB2 /* Build configuration list for PBXNativeTarget "Study_Manager" */ = {
			isa = XCConfigurationList;
			buildConfigurations = (
				126F4652226E3C5300547FB2 /* Debug */,
				126F4653226E3C5300547FB2 /* Release */,
			);
			defaultConfigurationIsVisible = 0;
			defaultConfigurationName = Release;
		};
/* End XCConfigurationList section */
	};
	rootObject = 126F4635226E3C5200547FB2 /* Project object */;
}
